{
  "name": "jxw",
  "version": "0.0.1",
  "lockfileVersion": 1,
  "requires": true,
  "dependencies": {
    "amio": {
      "version": "0.2.0",
      "resolved": "https://registry.npmjs.org/amio/-/amio-0.2.0.tgz",
      "integrity": "sha512-naKbKqwy+55/V7G6VZfCneElYgzOzvfHJC0F9BWh/vXv2XabENgKhioIbBtyje/94jlX6/TcYqJSE9K6nQazuQ=="
    }
  }
}
