{
  "name": "jxw",
  "version": "0.0.1",
  "lockfileVersion": 1,
  "requires": true,
  "dependencies": {
    "amio": {
      "version": "0.2.3",
      "resolved": "https://registry.npmjs.org/amio/-/amio-0.2.3.tgz",
      "integrity": "sha512-Y/SDTP5hiYJBi4k9ewrsm5pxjiL1aTeIQZpwkg+EWT0vLVy+AYsAcsM8tkq0Kd2UWlfhDe+g1UkEvyWwjqiNmA=="
    }
  }
}
